
Microsoft Visual Studio Solution File, Format Version 12.00
# Visual Studio Version 17
VisualStudioVersion = 17.11.35327.3
MinimumVisualStudioVersion = 10.0.40219.1
Project("{2150E333-8FDC-42A3-9474-1A3956D46DE8}") = "Src", "Src", "{BDB763FC-12C2-4702-9BD6-34C1FF981059}"
EndProject
Project("{2150E333-8FDC-42A3-9474-1A3956D46DE8}") = "Client", "Client", "{23F75D16-5FE8-4594-8177-C0E765F6766A}"
EndProject
Project("{2150E333-8FDC-42A3-9474-1A3956D46DE8}") = "Server", "Server", "{6E8B3D98-F518-4A75-B9EE-DD7E0EA4FDB9}"
EndProject
Project("{2150E333-8FDC-42A3-9474-1A3956D46DE8}") = "Modules", "Modules", "{00FABD4C-5920-4940-A122-342F45F5B31A}"
EndProject
Project("{2150E333-8FDC-42A3-9474-1A3956D46DE8}") = "BackupModule", "BackupModule", "{748DDBC5-AEE4-4872-8B8B-3EB1ADC2F816}"
EndProject
Project("{2150E333-8FDC-42A3-9474-1A3956D46DE8}") = "Bootstraper", "Bootstraper", "{7A052113-DDAE-4014-9FF4-B0D367B65711}"
EndProject
Project("{FAE04EC0-301F-11D3-BF4B-00C04F79EFBC}") = "Client.UI", "Src\Bootstraper\Client\Client.UI\Client.UI.csproj", "{FD6F5450-E608-4FD6-86B0-3F29AE83AEF1}"
EndProject
Project("{FAE04EC0-301F-11D3-BF4B-00C04F79EFBC}") = "Server.Api", "Src\Bootstraper\Server\Server.Api\Server.Api.csproj", "{692B8025-656A-44D6-80A7-9B6DFA1F3979}"
EndProject
Project("{FAE04EC0-301F-11D3-BF4B-00C04F79EFBC}") = "Modules.Backup.Api", "Src\Modules\BackupModule\Modules.Backup.Api\Modules.Backup.Api.csproj", "{4DCCC256-57BB-4F0E-ADFF-55594D0B93FB}"
EndProject
Project("{FAE04EC0-301F-11D3-BF4B-00C04F79EFBC}") = "Modules.Backup.Application", "Src\Modules\BackupModule\Modules.Backup.Application\Modules.Backup.Application.csproj", "{A8ADFFA1-5F2D-464D-8F5B-91E95B6DD1F5}"
EndProject
Project("{FAE04EC0-301F-11D3-BF4B-00C04F79EFBC}") = "Modules.Backup.Core", "Src\Modules\BackupModule\Modules.Backup.Core\Modules.Backup.Core.csproj", "{F8689FC6-D3F5-425F-9231-5286F5607163}"
EndProject
Project("{FAE04EC0-301F-11D3-BF4B-00C04F79EFBC}") = "Modules.Backup.Infrastructure", "Src\Modules\BackupModule\Modules.Backup.Infrastructure\Modules.Backup.Infrastructure.csproj", "{6F9D1645-DF34-4D50-A62E-59AC7DFCE2EA}"
EndProject
Project("{2150E333-8FDC-42A3-9474-1A3956D46DE8}") = "Solution Items", "Solution Items", "{12C25CD4-FDD2-4D50-B569-49A5EBDD8C54}"
	ProjectSection(SolutionItems) = preProject
		docker-compose.yml = docker-compose.yml
	EndProjectSection
EndProject
Project("{2150E333-8FDC-42A3-9474-1A3956D46DE8}") = "AuthModule", "AuthModule", "{4AD228D4-4110-4818-A63E-065EAB4B5243}"
EndProject
Project("{FAE04EC0-301F-11D3-BF4B-00C04F79EFBC}") = "Modules.Auth.Api", "Src\Modules\AuthModule\Modules.Auth.Api\Modules.Auth.Api.csproj", "{067CAF8E-1C04-47F5-9A76-94B8CC994286}"
EndProject
Project("{FAE04EC0-301F-11D3-BF4B-00C04F79EFBC}") = "Modules.Auth.Application", "Src\Modules\AuthModule\Modules.Auth.Application\Modules.Auth.Application.csproj", "{5167D950-79C9-4006-8203-502EF641FCA5}"
EndProject
Project("{FAE04EC0-301F-11D3-BF4B-00C04F79EFBC}") = "Modules.Auth.Core", "Src\Modules\AuthModule\Modules.Auth.Core\Modules.Auth.Core.csproj", "{18D62997-F433-4E72-9A3F-953513E25114}"
EndProject
Project("{FAE04EC0-301F-11D3-BF4B-00C04F79EFBC}") = "Modules.Auth.Infrastructure", "Src\Modules\AuthModule\Modules.Auth.Infrastructure\Modules.Auth.Infrastructure.csproj", "{CAD29E3B-CA9C-4D3D-800F-AF9C799000BC}"
EndProject
Project("{FAE04EC0-301F-11D3-BF4B-00C04F79EFBC}") = "Modules.Auth.Shared", "Src\Modules\AuthModule\Modules.Auth.Shared\Modules.Auth.Shared.csproj", "{CE7FCF8A-1862-4285-91DC-E2A1ED5E562F}"
EndProject
Project("{FAE04EC0-301F-11D3-BF4B-00C04F79EFBC}") = "Modules.Shared", "Src\Modules\Shared\Modules.Shared\Modules.Shared.csproj", "{2FADC0C8-7152-42B1-BEEE-0516E311F7BC}"
EndProject
Project("{2150E333-8FDC-42A3-9474-1A3956D46DE8}") = "AdministrationModule", "AdministrationModule", "{5B617756-AA30-4DA9-8B38-5A2C0D32C12D}"
EndProject
Project("{FAE04EC0-301F-11D3-BF4B-00C04F79EFBC}") = "Modules.Administration.Api", "Src\Modules\AdministrationModule\Modules.Administration.Api\Modules.Administration.Api.csproj", "{9C5A40E4-801C-44D3-A8F1-4374D1D5A50D}"
EndProject
Project("{FAE04EC0-301F-11D3-BF4B-00C04F79EFBC}") = "Modules.Administration.Application", "Src\Modules\AdministrationModule\Modules.Administration.Application\Modules.Administration.Application.csproj", "{A13D3D7C-CF54-488B-9063-E8CF930703BD}"
EndProject
Project("{FAE04EC0-301F-11D3-BF4B-00C04F79EFBC}") = "Modules.Administration.Shared", "Src\Modules\AdministrationModule\Modules.Administration.Shared\Modules.Administration.Shared.csproj", "{1241BE6A-464B-4A4D-AC96-955F89DCB264}"
EndProject
Project("{FAE04EC0-301F-11D3-BF4B-00C04F79EFBC}") = "Modules.Backup.Shared", "Src\Modules\BackupModule\Modules.Backup.Shared\Modules.Backup.Shared.csproj", "{B3DAFDD6-2BBA-48B4-92AE-C90A745D558F}"
EndProject
Project("{2150E333-8FDC-42A3-9474-1A3956D46DE8}") = "CryptoModule", "CryptoModule", "{7EFE67DE-F557-4212-BF9E-57F7F1DAECA7}"
EndProject
Project("{FAE04EC0-301F-11D3-BF4B-00C04F79EFBC}") = "Modules.Crypto.Application", "Src\Modules\CryptoModule\Modules.Crypto.Application\Modules.Crypto.Application.csproj", "{32E6D088-AFE2-42A8-BE7F-7FC5348E356D}"
EndProject
Project("{FAE04EC0-301F-11D3-BF4B-00C04F79EFBC}") = "Modules.Crypto.Shared", "Src\Modules\CryptoModule\Modules.Crypto.Shared\Modules.Crypto.Shared.csproj", "{8F76EA6E-8657-4581-9666-F484BE627D45}"
EndProject
Project("{FAE04EC0-301F-11D3-BF4B-00C04F79EFBC}") = "Modules.Crypto.Api", "Src\Modules\CryptoModule\Modules.Crypto.Api\Modules.Crypto.Api.csproj", "{81471CFC-061C-48E4-ACCA-FBE583DCAC01}"
EndProject
Project("{2150E333-8FDC-42A3-9474-1A3956D46DE8}") = "BackupsTests", "BackupsTests", "{7141A8CE-79EE-4C76-8AA6-E5D074650290}"
EndProject
Project("{FAE04EC0-301F-11D3-BF4B-00C04F79EFBC}") = "Modules.BackupsTests.Api", "Src\Modules\BackupsTests\Modules.BackupsTests.Api\Modules.BackupsTests.Api.csproj", "{1DE044F9-AEBE-4384-8766-7B60BD829C01}"
EndProject
Global
	GlobalSection(SolutionConfigurationPlatforms) = preSolution
		Debug|Any CPU = Debug|Any CPU
		Release|Any CPU = Release|Any CPU
	EndGlobalSection
	GlobalSection(ProjectConfigurationPlatforms) = postSolution
		{FD6F5450-E608-4FD6-86B0-3F29AE83AEF1}.Debug|Any CPU.ActiveCfg = Debug|Any CPU
		{FD6F5450-E608-4FD6-86B0-3F29AE83AEF1}.Debug|Any CPU.Build.0 = Debug|Any CPU
		{FD6F5450-E608-4FD6-86B0-3F29AE83AEF1}.Release|Any CPU.ActiveCfg = Release|Any CPU
		{FD6F5450-E608-4FD6-86B0-3F29AE83AEF1}.Release|Any CPU.Build.0 = Release|Any CPU
		{692B8025-656A-44D6-80A7-9B6DFA1F3979}.Debug|Any CPU.ActiveCfg = Debug|Any CPU
		{692B8025-656A-44D6-80A7-9B6DFA1F3979}.Debug|Any CPU.Build.0 = Debug|Any CPU
		{692B8025-656A-44D6-80A7-9B6DFA1F3979}.Release|Any CPU.ActiveCfg = Release|Any CPU
		{692B8025-656A-44D6-80A7-9B6DFA1F3979}.Release|Any CPU.Build.0 = Release|Any CPU
		{4DCCC256-57BB-4F0E-ADFF-55594D0B93FB}.Debug|Any CPU.ActiveCfg = Debug|Any CPU
		{4DCCC256-57BB-4F0E-ADFF-55594D0B93FB}.Debug|Any CPU.Build.0 = Debug|Any CPU
		{4DCCC256-57BB-4F0E-ADFF-55594D0B93FB}.Release|Any CPU.ActiveCfg = Release|Any CPU
		{4DCCC256-57BB-4F0E-ADFF-55594D0B93FB}.Release|Any CPU.Build.0 = Release|Any CPU
		{A8ADFFA1-5F2D-464D-8F5B-91E95B6DD1F5}.Debug|Any CPU.ActiveCfg = Debug|Any CPU
		{A8ADFFA1-5F2D-464D-8F5B-91E95B6DD1F5}.Debug|Any CPU.Build.0 = Debug|Any CPU
		{A8ADFFA1-5F2D-464D-8F5B-91E95B6DD1F5}.Release|Any CPU.ActiveCfg = Release|Any CPU
		{A8ADFFA1-5F2D-464D-8F5B-91E95B6DD1F5}.Release|Any CPU.Build.0 = Release|Any CPU
		{F8689FC6-D3F5-425F-9231-5286F5607163}.Debug|Any CPU.ActiveCfg = Debug|Any CPU
		{F8689FC6-D3F5-425F-9231-5286F5607163}.Debug|Any CPU.Build.0 = Debug|Any CPU
		{F8689FC6-D3F5-425F-9231-5286F5607163}.Release|Any CPU.ActiveCfg = Release|Any CPU
		{F8689FC6-D3F5-425F-9231-5286F5607163}.Release|Any CPU.Build.0 = Release|Any CPU
		{6F9D1645-DF34-4D50-A62E-59AC7DFCE2EA}.Debug|Any CPU.ActiveCfg = Debug|Any CPU
		{6F9D1645-DF34-4D50-A62E-59AC7DFCE2EA}.Debug|Any CPU.Build.0 = Debug|Any CPU
		{6F9D1645-DF34-4D50-A62E-59AC7DFCE2EA}.Release|Any CPU.ActiveCfg = Release|Any CPU
		{6F9D1645-DF34-4D50-A62E-59AC7DFCE2EA}.Release|Any CPU.Build.0 = Release|Any CPU
		{067CAF8E-1C04-47F5-9A76-94B8CC994286}.Debug|Any CPU.ActiveCfg = Debug|Any CPU
		{067CAF8E-1C04-47F5-9A76-94B8CC994286}.Debug|Any CPU.Build.0 = Debug|Any CPU
		{067CAF8E-1C04-47F5-9A76-94B8CC994286}.Release|Any CPU.ActiveCfg = Release|Any CPU
		{067CAF8E-1C04-47F5-9A76-94B8CC994286}.Release|Any CPU.Build.0 = Release|Any CPU
		{5167D950-79C9-4006-8203-502EF641FCA5}.Debug|Any CPU.ActiveCfg = Debug|Any CPU
		{5167D950-79C9-4006-8203-502EF641FCA5}.Debug|Any CPU.Build.0 = Debug|Any CPU
		{5167D950-79C9-4006-8203-502EF641FCA5}.Release|Any CPU.ActiveCfg = Release|Any CPU
		{5167D950-79C9-4006-8203-502EF641FCA5}.Release|Any CPU.Build.0 = Release|Any CPU
		{18D62997-F433-4E72-9A3F-953513E25114}.Debug|Any CPU.ActiveCfg = Debug|Any CPU
		{18D62997-F433-4E72-9A3F-953513E25114}.Debug|Any CPU.Build.0 = Debug|Any CPU
		{18D62997-F433-4E72-9A3F-953513E25114}.Release|Any CPU.ActiveCfg = Release|Any CPU
		{18D62997-F433-4E72-9A3F-953513E25114}.Release|Any CPU.Build.0 = Release|Any CPU
		{CAD29E3B-CA9C-4D3D-800F-AF9C799000BC}.Debug|Any CPU.ActiveCfg = Debug|Any CPU
		{CAD29E3B-CA9C-4D3D-800F-AF9C799000BC}.Debug|Any CPU.Build.0 = Debug|Any CPU
		{CAD29E3B-CA9C-4D3D-800F-AF9C799000BC}.Release|Any CPU.ActiveCfg = Release|Any CPU
		{CAD29E3B-CA9C-4D3D-800F-AF9C799000BC}.Release|Any CPU.Build.0 = Release|Any CPU
		{CE7FCF8A-1862-4285-91DC-E2A1ED5E562F}.Debug|Any CPU.ActiveCfg = Debug|Any CPU
		{CE7FCF8A-1862-4285-91DC-E2A1ED5E562F}.Debug|Any CPU.Build.0 = Debug|Any CPU
		{CE7FCF8A-1862-4285-91DC-E2A1ED5E562F}.Release|Any CPU.ActiveCfg = Release|Any CPU
		{CE7FCF8A-1862-4285-91DC-E2A1ED5E562F}.Release|Any CPU.Build.0 = Release|Any CPU
		{2FADC0C8-7152-42B1-BEEE-0516E311F7BC}.Debug|Any CPU.ActiveCfg = Debug|Any CPU
		{2FADC0C8-7152-42B1-BEEE-0516E311F7BC}.Debug|Any CPU.Build.0 = Debug|Any CPU
		{2FADC0C8-7152-42B1-BEEE-0516E311F7BC}.Release|Any CPU.ActiveCfg = Release|Any CPU
		{2FADC0C8-7152-42B1-BEEE-0516E311F7BC}.Release|Any CPU.Build.0 = Release|Any CPU
		{9C5A40E4-801C-44D3-A8F1-4374D1D5A50D}.Debug|Any CPU.ActiveCfg = Debug|Any CPU
		{9C5A40E4-801C-44D3-A8F1-4374D1D5A50D}.Debug|Any CPU.Build.0 = Debug|Any CPU
		{9C5A40E4-801C-44D3-A8F1-4374D1D5A50D}.Release|Any CPU.ActiveCfg = Release|Any CPU
		{9C5A40E4-801C-44D3-A8F1-4374D1D5A50D}.Release|Any CPU.Build.0 = Release|Any CPU
		{A13D3D7C-CF54-488B-9063-E8CF930703BD}.Debug|Any CPU.ActiveCfg = Debug|Any CPU
		{A13D3D7C-CF54-488B-9063-E8CF930703BD}.Debug|Any CPU.Build.0 = Debug|Any CPU
		{A13D3D7C-CF54-488B-9063-E8CF930703BD}.Release|Any CPU.ActiveCfg = Release|Any CPU
		{A13D3D7C-CF54-488B-9063-E8CF930703BD}.Release|Any CPU.Build.0 = Release|Any CPU
		{1241BE6A-464B-4A4D-AC96-955F89DCB264}.Debug|Any CPU.ActiveCfg = Debug|Any CPU
		{1241BE6A-464B-4A4D-AC96-955F89DCB264}.Debug|Any CPU.Build.0 = Debug|Any CPU
		{1241BE6A-464B-4A4D-AC96-955F89DCB264}.Release|Any CPU.ActiveCfg = Release|Any CPU
		{1241BE6A-464B-4A4D-AC96-955F89DCB264}.Release|Any CPU.Build.0 = Release|Any CPU
		{B3DAFDD6-2BBA-48B4-92AE-C90A745D558F}.Debug|Any CPU.ActiveCfg = Debug|Any CPU
		{B3DAFDD6-2BBA-48B4-92AE-C90A745D558F}.Debug|Any CPU.Build.0 = Debug|Any CPU
		{B3DAFDD6-2BBA-48B4-92AE-C90A745D558F}.Release|Any CPU.ActiveCfg = Release|Any CPU
		{B3DAFDD6-2BBA-48B4-92AE-C90A745D558F}.Release|Any CPU.Build.0 = Release|Any CPU
		{32E6D088-AFE2-42A8-BE7F-7FC5348E356D}.Debug|Any CPU.ActiveCfg = Debug|Any CPU
		{32E6D088-AFE2-42A8-BE7F-7FC5348E356D}.Debug|Any CPU.Build.0 = Debug|Any CPU
		{32E6D088-AFE2-42A8-BE7F-7FC5348E356D}.Release|Any CPU.ActiveCfg = Release|Any CPU
		{32E6D088-AFE2-42A8-BE7F-7FC5348E356D}.Release|Any CPU.Build.0 = Release|Any CPU
		{8F76EA6E-8657-4581-9666-F484BE627D45}.Debug|Any CPU.ActiveCfg = Debug|Any CPU
		{8F76EA6E-8657-4581-9666-F484BE627D45}.Debug|Any CPU.Build.0 = Debug|Any CPU
		{8F76EA6E-8657-4581-9666-F484BE627D45}.Release|Any CPU.ActiveCfg = Release|Any CPU
		{8F76EA6E-8657-4581-9666-F484BE627D45}.Release|Any CPU.Build.0 = Release|Any CPU
		{81471CFC-061C-48E4-ACCA-FBE583DCAC01}.Debug|Any CPU.ActiveCfg = Debug|Any CPU
		{81471CFC-061C-48E4-ACCA-FBE583DCAC01}.Debug|Any CPU.Build.0 = Debug|Any CPU
		{81471CFC-061C-48E4-ACCA-FBE583DCAC01}.Release|Any CPU.ActiveCfg = Release|Any CPU
		{81471CFC-061C-48E4-ACCA-FBE583DCAC01}.Release|Any CPU.Build.0 = Release|Any CPU
		{1DE044F9-AEBE-4384-8766-7B60BD829C01}.Debug|Any CPU.ActiveCfg = Debug|Any CPU
		{1DE044F9-AEBE-4384-8766-7B60BD829C01}.Debug|Any CPU.Build.0 = Debug|Any CPU
		{1DE044F9-AEBE-4384-8766-7B60BD829C01}.Release|Any CPU.ActiveCfg = Release|Any CPU
		{1DE044F9-AEBE-4384-8766-7B60BD829C01}.Release|Any CPU.Build.0 = Release|Any CPU
	EndGlobalSection
	GlobalSection(SolutionProperties) = preSolution
		HideSolutionNode = FALSE
	EndGlobalSection
	GlobalSection(NestedProjects) = preSolution
		{23F75D16-5FE8-4594-8177-C0E765F6766A} = {7A052113-DDAE-4014-9FF4-B0D367B65711}
		{6E8B3D98-F518-4A75-B9EE-DD7E0EA4FDB9} = {7A052113-DDAE-4014-9FF4-B0D367B65711}
		{00FABD4C-5920-4940-A122-342F45F5B31A} = {BDB763FC-12C2-4702-9BD6-34C1FF981059}
		{748DDBC5-AEE4-4872-8B8B-3EB1ADC2F816} = {00FABD4C-5920-4940-A122-342F45F5B31A}
		{7A052113-DDAE-4014-9FF4-B0D367B65711} = {BDB763FC-12C2-4702-9BD6-34C1FF981059}
		{FD6F5450-E608-4FD6-86B0-3F29AE83AEF1} = {23F75D16-5FE8-4594-8177-C0E765F6766A}
		{692B8025-656A-44D6-80A7-9B6DFA1F3979} = {6E8B3D98-F518-4A75-B9EE-DD7E0EA4FDB9}
		{4DCCC256-57BB-4F0E-ADFF-55594D0B93FB} = {748DDBC5-AEE4-4872-8B8B-3EB1ADC2F816}
		{A8ADFFA1-5F2D-464D-8F5B-91E95B6DD1F5} = {748DDBC5-AEE4-4872-8B8B-3EB1ADC2F816}
		{F8689FC6-D3F5-425F-9231-5286F5607163} = {748DDBC5-AEE4-4872-8B8B-3EB1ADC2F816}
		{6F9D1645-DF34-4D50-A62E-59AC7DFCE2EA} = {748DDBC5-AEE4-4872-8B8B-3EB1ADC2F816}
		{4AD228D4-4110-4818-A63E-065EAB4B5243} = {00FABD4C-5920-4940-A122-342F45F5B31A}
		{067CAF8E-1C04-47F5-9A76-94B8CC994286} = {4AD228D4-4110-4818-A63E-065EAB4B5243}
		{5167D950-79C9-4006-8203-502EF641FCA5} = {4AD228D4-4110-4818-A63E-065EAB4B5243}
		{18D62997-F433-4E72-9A3F-953513E25114} = {4AD228D4-4110-4818-A63E-065EAB4B5243}
		{CAD29E3B-CA9C-4D3D-800F-AF9C799000BC} = {4AD228D4-4110-4818-A63E-065EAB4B5243}
		{CE7FCF8A-1862-4285-91DC-E2A1ED5E562F} = {4AD228D4-4110-4818-A63E-065EAB4B5243}
		{2FADC0C8-7152-42B1-BEEE-0516E311F7BC} = {00FABD4C-5920-4940-A122-342F45F5B31A}
		{5B617756-AA30-4DA9-8B38-5A2C0D32C12D} = {00FABD4C-5920-4940-A122-342F45F5B31A}
		{9C5A40E4-801C-44D3-A8F1-4374D1D5A50D} = {5B617756-AA30-4DA9-8B38-5A2C0D32C12D}
		{A13D3D7C-CF54-488B-9063-E8CF930703BD} = {5B617756-AA30-4DA9-8B38-5A2C0D32C12D}
		{1241BE6A-464B-4A4D-AC96-955F89DCB264} = {5B617756-AA30-4DA9-8B38-5A2C0D32C12D}
		{B3DAFDD6-2BBA-48B4-92AE-C90A745D558F} = {748DDBC5-AEE4-4872-8B8B-3EB1ADC2F816}
		{7EFE67DE-F557-4212-BF9E-57F7F1DAECA7} = {00FABD4C-5920-4940-A122-342F45F5B31A}
		{32E6D088-AFE2-42A8-BE7F-7FC5348E356D} = {7EFE67DE-F557-4212-BF9E-57F7F1DAECA7}
		{8F76EA6E-8657-4581-9666-F484BE627D45} = {7EFE67DE-F557-4212-BF9E-57F7F1DAECA7}
		{81471CFC-061C-48E4-ACCA-FBE583DCAC01} = {7EFE67DE-F557-4212-BF9E-57F7F1DAECA7}
		{7141A8CE-79EE-4C76-8AA6-E5D074650290} = {00FABD4C-5920-4940-A122-342F45F5B31A}
		{1DE044F9-AEBE-4384-8766-7B60BD829C01} = {7141A8CE-79EE-4C76-8AA6-E5D074650290}
	EndGlobalSection
	GlobalSection(ExtensibilityGlobals) = postSolution
		SolutionGuid = {05F3A4BF-6277-46FD-9537-F78E8FABE0DA}
	EndGlobalSection
EndGlobal
